
Microsoft Visual Studio Solution File, Format Version 12.00
# Visual Studio 2013
VisualStudioVersion = 12.0.40629.0
MinimumVisualStudioVersion = 10.0.40219.1
Project("{FAE04EC0-301F-11D3-BF4B-00C04F79EFBC}") = "DynamicForms.Droid", "DynamicForms\DynamicForms.Droid\DynamicForms.Droid.csproj", "{F4DFBC4B-D345-468E-AE80-ADC9EA8E0C95}"
EndProject
Project("{FAE04EC0-301F-11D3-BF4B-00C04F79EFBC}") = "DynamicForms.iOS", "DynamicForms\DynamicForms.iOS\DynamicForms.iOS.csproj", "{1F3B9DA3-75C1-457F-82A5-DD3A532CDB05}"
EndProject
Project("{FAE04EC0-301F-11D3-BF4B-00C04F79EFBC}") = "DynamicForms.WinPhone", "DynamicForms\DynamicForms.WinPhone\DynamicForms.WinPhone.csproj", "{AEF770E6-D315-4878-9295-066768E318B5}"
EndProject
Project("{D954291E-2A0B-460D-934E-DC6B0785DB48}") = "DynamicForms", "DynamicForms\DynamicForms\DynamicForms.shproj", "{37655C28-E690-4ADD-BAEB-FE361655FCC0}"
EndProject
Global
	GlobalSection(SharedMSBuildProjectFiles) = preSolution
		DynamicForms\DynamicForms\DynamicForms.projitems*{37655c28-e690-4add-baeb-fe361655fcc0}*SharedItemsImports = 13
		DynamicForms\DynamicForms\DynamicForms.projitems*{aef770e6-d315-4878-9295-066768e318b5}*SharedItemsImports = 4
	EndGlobalSection
	GlobalSection(SolutionConfigurationPlatforms) = preSolution
		Ad-Hoc|Any CPU = Ad-Hoc|Any CPU
		Ad-Hoc|ARM = Ad-Hoc|ARM
		Ad-Hoc|iPhone = Ad-Hoc|iPhone
		Ad-Hoc|iPhoneSimulator = Ad-Hoc|iPhoneSimulator
		Ad-Hoc|Mixed Platforms = Ad-Hoc|Mixed Platforms
		Ad-Hoc|x86 = Ad-Hoc|x86
		AppStore|Any CPU = AppStore|Any CPU
		AppStore|ARM = AppStore|ARM
		AppStore|iPhone = AppStore|iPhone
		AppStore|iPhoneSimulator = AppStore|iPhoneSimulator
		AppStore|Mixed Platforms = AppStore|Mixed Platforms
		AppStore|x86 = AppStore|x86
		Debug|Any CPU = Debug|Any CPU
		Debug|ARM = Debug|ARM
		Debug|iPhone = Debug|iPhone
		Debug|iPhoneSimulator = Debug|iPhoneSimulator
		Debug|Mixed Platforms = Debug|Mixed Platforms
		Debug|x86 = Debug|x86
		Release|Any CPU = Release|Any CPU
		Release|ARM = Release|ARM
		Release|iPhone = Release|iPhone
		Release|iPhoneSimulator = Release|iPhoneSimulator
		Release|Mixed Platforms = Release|Mixed Platforms
		Release|x86 = Release|x86
	EndGlobalSection
	GlobalSection(ProjectConfigurationPlatforms) = postSolution
		{F4DFBC4B-D345-468E-AE80-ADC9EA8E0C95}.Ad-Hoc|Any CPU.ActiveCfg = Release|Any CPU
		{F4DFBC4B-D345-468E-AE80-ADC9EA8E0C95}.Ad-Hoc|Any CPU.Build.0 = Release|Any CPU
		{F4DFBC4B-D345-468E-AE80-ADC9EA8E0C95}.Ad-Hoc|Any CPU.Deploy.0 = Release|Any CPU
		{F4DFBC4B-D345-468E-AE80-ADC9EA8E0C95}.Ad-Hoc|ARM.ActiveCfg = Release|Any CPU
		{F4DFBC4B-D345-468E-AE80-ADC9EA8E0C95}.Ad-Hoc|iPhone.ActiveCfg = Release|Any CPU
		{F4DFBC4B-D345-468E-AE80-ADC9EA8E0C95}.Ad-Hoc|iPhoneSimulator.ActiveCfg = Release|Any CPU
		{F4DFBC4B-D345-468E-AE80-ADC9EA8E0C95}.Ad-Hoc|Mixed Platforms.ActiveCfg = Release|Any CPU
		{F4DFBC4B-D345-468E-AE80-ADC9EA8E0C95}.Ad-Hoc|Mixed Platforms.Build.0 = Release|Any CPU
		{F4DFBC4B-D345-468E-AE80-ADC9EA8E0C95}.Ad-Hoc|Mixed Platforms.Deploy.0 = Release|Any CPU
		{F4DFBC4B-D345-468E-AE80-ADC9EA8E0C95}.Ad-Hoc|x86.ActiveCfg = Release|Any CPU
		{F4DFBC4B-D345-468E-AE80-ADC9EA8E0C95}.AppStore|Any CPU.ActiveCfg = Release|Any CPU
		{F4DFBC4B-D345-468E-AE80-ADC9EA8E0C95}.AppStore|Any CPU.Build.0 = Release|Any CPU
		{F4DFBC4B-D345-468E-AE80-ADC9EA8E0C95}.AppStore|Any CPU.Deploy.0 = Release|Any CPU
		{F4DFBC4B-D345-468E-AE80-ADC9EA8E0C95}.AppStore|ARM.ActiveCfg = Release|Any CPU
		{F4DFBC4B-D345-468E-AE80-ADC9EA8E0C95}.AppStore|iPhone.ActiveCfg = Release|Any CPU
		{F4DFBC4B-D345-468E-AE80-ADC9EA8E0C95}.AppStore|iPhoneSimulator.ActiveCfg = Release|Any CPU
		{F4DFBC4B-D345-468E-AE80-ADC9EA8E0C95}.AppStore|Mixed Platforms.ActiveCfg = Release|Any CPU
		{F4DFBC4B-D345-468E-AE80-ADC9EA8E0C95}.AppStore|Mixed Platforms.Build.0 = Release|Any CPU
		{F4DFBC4B-D345-468E-AE80-ADC9EA8E0C95}.AppStore|Mixed Platforms.Deploy.0 = Release|Any CPU
		{F4DFBC4B-D345-468E-AE80-ADC9EA8E0C95}.AppStore|x86.ActiveCfg = Release|Any CPU
		{F4DFBC4B-D345-468E-AE80-ADC9EA8E0C95}.Debug|Any CPU.ActiveCfg = Debug|Any CPU
		{F4DFBC4B-D345-468E-AE80-ADC9EA8E0C95}.Debug|Any CPU.Build.0 = Debug|Any CPU
		{F4DFBC4B-D345-468E-AE80-ADC9EA8E0C95}.Debug|Any CPU.Deploy.0 = Debug|Any CPU
		{F4DFBC4B-D345-468E-AE80-ADC9EA8E0C95}.Debug|ARM.ActiveCfg = Debug|Any CPU
		{F4DFBC4B-D345-468E-AE80-ADC9EA8E0C95}.Debug|iPhone.ActiveCfg = Debug|Any CPU
		{F4DFBC4B-D345-468E-AE80-ADC9EA8E0C95}.Debug|iPhoneSimulator.ActiveCfg = Debug|Any CPU
		{F4DFBC4B-D345-468E-AE80-ADC9EA8E0C95}.Debug|Mixed Platforms.ActiveCfg = Debug|Any CPU
		{F4DFBC4B-D345-468E-AE80-ADC9EA8E0C95}.Debug|Mixed Platforms.Build.0 = Debug|Any CPU
		{F4DFBC4B-D345-468E-AE80-ADC9EA8E0C95}.Debug|Mixed Platforms.Deploy.0 = Debug|Any CPU
		{F4DFBC4B-D345-468E-AE80-ADC9EA8E0C95}.Debug|x86.ActiveCfg = Debug|Any CPU
		{F4DFBC4B-D345-468E-AE80-ADC9EA8E0C95}.Release|Any CPU.ActiveCfg = Release|Any CPU
		{F4DFBC4B-D345-468E-AE80-ADC9EA8E0C95}.Release|Any CPU.Build.0 = Release|Any CPU
		{F4DFBC4B-D345-468E-AE80-ADC9EA8E0C95}.Release|Any CPU.Deploy.0 = Release|Any CPU
		{F4DFBC4B-D345-468E-AE80-ADC9EA8E0C95}.Release|ARM.ActiveCfg = Release|Any CPU
		{F4DFBC4B-D345-468E-AE80-ADC9EA8E0C95}.Release|iPhone.ActiveCfg = Release|Any CPU
		{F4DFBC4B-D345-468E-AE80-ADC9EA8E0C95}.Release|iPhoneSimulator.ActiveCfg = Release|Any CPU
		{F4DFBC4B-D345-468E-AE80-ADC9EA8E0C95}.Release|Mixed Platforms.ActiveCfg = Release|Any CPU
		{F4DFBC4B-D345-468E-AE80-ADC9EA8E0C95}.Release|Mixed Platforms.Build.0 = Release|Any CPU
		{F4DFBC4B-D345-468E-AE80-ADC9EA8E0C95}.Release|Mixed Platforms.Deploy.0 = Release|Any CPU
		{F4DFBC4B-D345-468E-AE80-ADC9EA8E0C95}.Release|x86.ActiveCfg = Release|Any CPU
		{1F3B9DA3-75C1-457F-82A5-DD3A532CDB05}.Ad-Hoc|Any CPU.ActiveCfg = Ad-Hoc|iPhone
		{1F3B9DA3-75C1-457F-82A5-DD3A532CDB05}.Ad-Hoc|ARM.ActiveCfg = Ad-Hoc|iPhone
		{1F3B9DA3-75C1-457F-82A5-DD3A532CDB05}.Ad-Hoc|iPhone.ActiveCfg = Ad-Hoc|iPhone
		{1F3B9DA3-75C1-457F-82A5-DD3A532CDB05}.Ad-Hoc|iPhone.Build.0 = Ad-Hoc|iPhone
		{1F3B9DA3-75C1-457F-82A5-DD3A532CDB05}.Ad-Hoc|iPhoneSimulator.ActiveCfg = Ad-Hoc|iPhoneSimulator
		{1F3B9DA3-75C1-457F-82A5-DD3A532CDB05}.Ad-Hoc|iPhoneSimulator.Build.0 = Ad-Hoc|iPhoneSimulator
		{1F3B9DA3-75C1-457F-82A5-DD3A532CDB05}.Ad-Hoc|Mixed Platforms.ActiveCfg = Ad-Hoc|iPhone
		{1F3B9DA3-75C1-457F-82A5-DD3A532CDB05}.Ad-Hoc|Mixed Platforms.Build.0 = Ad-Hoc|iPhone
		{1F3B9DA3-75C1-457F-82A5-DD3A532CDB05}.Ad-Hoc|x86.ActiveCfg = Ad-Hoc|iPhone
		{1F3B9DA3-75C1-457F-82A5-DD3A532CDB05}.AppStore|Any CPU.ActiveCfg = AppStore|iPhone
		{1F3B9DA3-75C1-457F-82A5-DD3A532CDB05}.AppStore|ARM.ActiveCfg = AppStore|iPhone
		{1F3B9DA3-75C1-457F-82A5-DD3A532CDB05}.AppStore|iPhone.ActiveCfg = AppStore|iPhone
		{1F3B9DA3-75C1-457F-82A5-DD3A532CDB05}.AppStore|iPhone.Build.0 = AppStore|iPhone
		{1F3B9DA3-75C1-457F-82A5-DD3A532CDB05}.AppStore|iPhoneSimulator.ActiveCfg = AppStore|iPhoneSimulator
		{1F3B9DA3-75C1-457F-82A5-DD3A532CDB05}.AppStore|iPhoneSimulator.Build.0 = AppStore|iPhoneSimulator
		{1F3B9DA3-75C1-457F-82A5-DD3A532CDB05}.AppStore|Mixed Platforms.ActiveCfg = AppStore|iPhone
		{1F3B9DA3-75C1-457F-82A5-DD3A532CDB05}.AppStore|Mixed Platforms.Build.0 = AppStore|iPhone
		{1F3B9DA3-75C1-457F-82A5-DD3A532CDB05}.AppStore|x86.ActiveCfg = AppStore|iPhone
		{1F3B9DA3-75C1-457F-82A5-DD3A532CDB05}.Debug|Any CPU.ActiveCfg = Debug|iPhone
		{1F3B9DA3-75C1-457F-82A5-DD3A532CDB05}.Debug|ARM.ActiveCfg = Debug|iPhone
		{1F3B9DA3-75C1-457F-82A5-DD3A532CDB05}.Debug|iPhone.ActiveCfg = Debug|iPhone
		{1F3B9DA3-75C1-457F-82A5-DD3A532CDB05}.Debug|iPhone.Build.0 = Debug|iPhone
		{1F3B9DA3-75C1-457F-82A5-DD3A532CDB05}.Debug|iPhoneSimulator.ActiveCfg = Debug|iPhoneSimulator
		{1F3B9DA3-75C1-457F-82A5-DD3A532CDB05}.Debug|iPhoneSimulator.Build.0 = Debug|iPhoneSimulator
		{1F3B9DA3-75C1-457F-82A5-DD3A532CDB05}.Debug|Mixed Platforms.ActiveCfg = Debug|iPhone
		{1F3B9DA3-75C1-457F-82A5-DD3A532CDB05}.Debug|Mixed Platforms.Build.0 = Debug|iPhone
		{1F3B9DA3-75C1-457F-82A5-DD3A532CDB05}.Debug|x86.ActiveCfg = Debug|iPhone
		{1F3B9DA3-75C1-457F-82A5-DD3A532CDB05}.Release|Any CPU.ActiveCfg = Release|iPhone
		{1F3B9DA3-75C1-457F-82A5-DD3A532CDB05}.Release|ARM.ActiveCfg = Release|iPhone
		{1F3B9DA3-75C1-457F-82A5-DD3A532CDB05}.Release|iPhone.ActiveCfg = Release|iPhone
		{1F3B9DA3-75C1-457F-82A5-DD3A532CDB05}.Release|iPhone.Build.0 = Release|iPhone
		{1F3B9DA3-75C1-457F-82A5-DD3A532CDB05}.Release|iPhoneSimulator.ActiveCfg = Release|iPhoneSimulator
		{1F3B9DA3-75C1-457F-82A5-DD3A532CDB05}.Release|iPhoneSimulator.Build.0 = Release|iPhoneSimulator
		{1F3B9DA3-75C1-457F-82A5-DD3A532CDB05}.Release|Mixed Platforms.ActiveCfg = Release|iPhone
		{1F3B9DA3-75C1-457F-82A5-DD3A532CDB05}.Release|Mixed Platforms.Build.0 = Release|iPhone
		{1F3B9DA3-75C1-457F-82A5-DD3A532CDB05}.Release|x86.ActiveCfg = Release|iPhone
		{AEF770E6-D315-4878-9295-066768E318B5}.Ad-Hoc|Any CPU.ActiveCfg = Release|Any CPU
		{AEF770E6-D315-4878-9295-066768E318B5}.Ad-Hoc|Any CPU.Build.0 = Release|Any CPU
		{AEF770E6-D315-4878-9295-066768E318B5}.Ad-Hoc|Any CPU.Deploy.0 = Release|Any CPU
		{AEF770E6-D315-4878-9295-066768E318B5}.Ad-Hoc|ARM.ActiveCfg = Release|ARM
		{AEF770E6-D315-4878-9295-066768E318B5}.Ad-Hoc|ARM.Build.0 = Release|ARM
		{AEF770E6-D315-4878-9295-066768E318B5}.Ad-Hoc|ARM.Deploy.0 = Release|ARM
		{AEF770E6-D315-4878-9295-066768E318B5}.Ad-Hoc|iPhone.ActiveCfg = Release|Any CPU
		{AEF770E6-D315-4878-9295-066768E318B5}.Ad-Hoc|iPhoneSimulator.ActiveCfg = Release|Any CPU
		{AEF770E6-D315-4878-9295-066768E318B5}.Ad-Hoc|Mixed Platforms.ActiveCfg = Release|x86
		{AEF770E6-D315-4878-9295-066768E318B5}.Ad-Hoc|Mixed Platforms.Build.0 = Release|x86
		{AEF770E6-D315-4878-9295-066768E318B5}.Ad-Hoc|Mixed Platforms.Deploy.0 = Release|x86
		{AEF770E6-D315-4878-9295-066768E318B5}.Ad-Hoc|x86.ActiveCfg = Release|x86
		{AEF770E6-D315-4878-9295-066768E318B5}.Ad-Hoc|x86.Build.0 = Release|x86
		{AEF770E6-D315-4878-9295-066768E318B5}.Ad-Hoc|x86.Deploy.0 = Release|x86
		{AEF770E6-D315-4878-9295-066768E318B5}.AppStore|Any CPU.ActiveCfg = Release|Any CPU
		{AEF770E6-D315-4878-9295-066768E318B5}.AppStore|Any CPU.Build.0 = Release|Any CPU
		{AEF770E6-D315-4878-9295-066768E318B5}.AppStore|Any CPU.Deploy.0 = Release|Any CPU
		{AEF770E6-D315-4878-9295-066768E318B5}.AppStore|ARM.ActiveCfg = Release|ARM
		{AEF770E6-D315-4878-9295-066768E318B5}.AppStore|ARM.Build.0 = Release|ARM
		{AEF770E6-D315-4878-9295-066768E318B5}.AppStore|ARM.Deploy.0 = Release|ARM
		{AEF770E6-D315-4878-9295-066768E318B5}.AppStore|iPhone.ActiveCfg = Release|Any CPU
		{AEF770E6-D315-4878-9295-066768E318B5}.AppStore|iPhoneSimulator.ActiveCfg = Release|Any CPU
		{AEF770E6-D315-4878-9295-066768E318B5}.AppStore|Mixed Platforms.ActiveCfg = Release|x86
		{AEF770E6-D315-4878-9295-066768E318B5}.AppStore|Mixed Platforms.Build.0 = Release|x86
		{AEF770E6-D315-4878-9295-066768E318B5}.AppStore|Mixed Platforms.Deploy.0 = Release|x86
		{AEF770E6-D315-4878-9295-066768E318B5}.AppStore|x86.ActiveCfg = Release|x86
		{AEF770E6-D315-4878-9295-066768E318B5}.AppStore|x86.Build.0 = Release|x86
		{AEF770E6-D315-4878-9295-066768E318B5}.AppStore|x86.Deploy.0 = Release|x86
		{AEF770E6-D315-4878-9295-066768E318B5}.Debug|Any CPU.ActiveCfg = Debug|Any CPU
		{AEF770E6-D315-4878-9295-066768E318B5}.Debug|Any CPU.Build.0 = Debug|Any CPU
		{AEF770E6-D315-4878-9295-066768E318B5}.Debug|Any CPU.Deploy.0 = Debug|Any CPU
		{AEF770E6-D315-4878-9295-066768E318B5}.Debug|ARM.ActiveCfg = Debug|ARM
		{AEF770E6-D315-4878-9295-066768E318B5}.Debug|ARM.Build.0 = Debug|ARM
		{AEF770E6-D315-4878-9295-066768E318B5}.Debug|ARM.Deploy.0 = Debug|ARM
		{AEF770E6-D315-4878-9295-066768E318B5}.Debug|iPhone.ActiveCfg = Debug|Any CPU
		{AEF770E6-D315-4878-9295-066768E318B5}.Debug|iPhone.Build.0 = Debug|Any CPU
		{AEF770E6-D315-4878-9295-066768E318B5}.Debug|iPhone.Deploy.0 = Debug|Any CPU
		{AEF770E6-D315-4878-9295-066768E318B5}.Debug|iPhoneSimulator.ActiveCfg = Debug|Any CPU
		{AEF770E6-D315-4878-9295-066768E318B5}.Debug|Mixed Platforms.ActiveCfg = Debug|x86
		{AEF770E6-D315-4878-9295-066768E318B5}.Debug|Mixed Platforms.Build.0 = Debug|x86
		{AEF770E6-D315-4878-9295-066768E318B5}.Debug|Mixed Platforms.Deploy.0 = Debug|x86
		{AEF770E6-D315-4878-9295-066768E318B5}.Debug|x86.ActiveCfg = Debug|x86
		{AEF770E6-D315-4878-9295-066768E318B5}.Debug|x86.Build.0 = Debug|x86
		{AEF770E6-D315-4878-9295-066768E318B5}.Debug|x86.Deploy.0 = Debug|x86
		{AEF770E6-D315-4878-9295-066768E318B5}.Release|Any CPU.ActiveCfg = Release|Any CPU
		{AEF770E6-D315-4878-9295-066768E318B5}.Release|Any CPU.Build.0 = Release|Any CPU
		{AEF770E6-D315-4878-9295-066768E318B5}.Release|Any CPU.Deploy.0 = Release|Any CPU
		{AEF770E6-D315-4878-9295-066768E318B5}.Release|ARM.ActiveCfg = Release|ARM
		{AEF770E6-D315-4878-9295-066768E318B5}.Release|ARM.Build.0 = Release|ARM
		{AEF770E6-D315-4878-9295-066768E318B5}.Release|ARM.Deploy.0 = Release|ARM
		{AEF770E6-D315-4878-9295-066768E318B5}.Release|iPhone.ActiveCfg = Release|Any CPU
		{AEF770E6-D315-4878-9295-066768E318B5}.Release|iPhoneSimulator.ActiveCfg = Release|Any CPU
		{AEF770E6-D315-4878-9295-066768E318B5}.Release|Mixed Platforms.ActiveCfg = Release|x86
		{AEF770E6-D315-4878-9295-066768E318B5}.Release|Mixed Platforms.Build.0 = Release|x86
		{AEF770E6-D315-4878-9295-066768E318B5}.Release|Mixed Platforms.Deploy.0 = Release|x86
		{AEF770E6-D315-4878-9295-066768E318B5}.Release|x86.ActiveCfg = Release|x86
		{AEF770E6-D315-4878-9295-066768E318B5}.Release|x86.Build.0 = Release|x86
		{AEF770E6-D315-4878-9295-066768E318B5}.Release|x86.Deploy.0 = Release|x86
	EndGlobalSection
	GlobalSection(SolutionProperties) = preSolution
		HideSolutionNode = FALSE
	EndGlobalSection
EndGlobal
